schema: '2.0'
stages:
  validate:
    cmd: uv run python -m tripduration.validate
    deps:
    - path: configs/schema_raw.yaml
      hash: md5
      md5: 1b0de076b897dd5bd33f49d4d90d50af
      size: 2505
    - path: data/raw/yellow
      hash: md5
      md5: 5b284b5228eadfbe0bffd21b6e32bc46.dir
      size: 375995630
      nfiles: 13
    - path: src/tripduration/config.py
      hash: md5
      md5: 9a65af113de3016d1b6e188e49c8ae30
      size: 3396
    - path: src/tripduration/ingest.py
      hash: md5
      md5: 4567ec7675da8cc9ddfa0cafca36e8a4
      size: 18489
    - path: src/tripduration/validate.py
      hash: md5
      md5: 08a4e15f1b97f4565ac5b34a44a2e95f
      size: 9020
    params:
      params.yaml:
        data:
          service: yellow
          raw_dir: data/raw/yellow
          validated_dir: data/validated
          reference_dir: data/reference
          timezone: America/New_York
        validity:
          zone_min: 1
          zone_max: 263
          min_duration_s: 60
          max_duration_min: 180
          dst_window_hours: 3
          dedupe_key:
          - vendor_id
          - tpep_pickup_datetime
          - tpep_dropoff_datetime
          - pu_location_id
          - do_location_id
    outs:
    - path: data/validated
      hash: md5
      md5: 007d907ad78ad1b45ddfba70ffe5f305.dir
      size: 474653616
      nfiles: 6
    - path: reports/validation
      hash: md5
      md5: 71c061ca2d45a62a814d848c14d69dcc.dir
      size: 11138
      nfiles: 6
  prepare:
    cmd: uv run python -m tripduration.prepare
    deps:
    - path: configs/holidays.csv
      hash: md5
      md5: 63cb7aadeda8ac77ddac8eafac4563f5
      size: 1226
    - path: data/reference/zone_centroids.csv
      hash: md5
      md5: 79c1bb833dae873054bef4867a70914e
      size: 15670
    - path: data/validated
      hash: md5
      md5: 007d907ad78ad1b45ddfba70ffe5f305.dir
      size: 474653616
      nfiles: 6
    - path: reports/quality
      hash: md5
      md5: 38e60a0ba31b4027fe8df47658306a5c.dir
      size: 26843
      nfiles: 7
    - path: src/tripduration/config.py
      hash: md5
      md5: 9a65af113de3016d1b6e188e49c8ae30
      size: 3396
    - path: src/tripduration/features.py
      hash: md5
      md5: 9ae2d0082ff3f53e4b445abd4dc5466e
      size: 4430
    - path: src/tripduration/prepare.py
      hash: md5
      md5: 202ef32b000d5e8754ae95887865dd96
      size: 5916
    - path: src/tripduration/schema.py
      hash: md5
      md5: 566549c63bf8888eb041b312f33836eb
      size: 1122
    params:
      params.yaml:
        seed: 42
        split:
          start_month: 2024-10
          train_window_max: 6
          train_sample_frac: 1.0
    outs:
    - path: data/processed
      hash: md5
      md5: d91d9d7b7e223a20eb7fbacd144c13dd.dir
      size: 358148072
      nfiles: 3
    - path: reports/prepare.json
      hash: md5
      md5: 14ef4093ab9c1c6796d579fa78bcc525
      size: 717
  train:
    cmd: uv run python -m tripduration.train
    deps:
    - path: configs/holidays.csv
      hash: md5
      md5: 63cb7aadeda8ac77ddac8eafac4563f5
      size: 1226
    - path: data/processed/train.parquet
      hash: md5
      md5: 8ec8a713ccd1af96a6940355e78dffbf
      size: 233904818
    - path: data/processed/val.parquet
      hash: md5
      md5: 2030b99fb8cd8095e64fe85610eed275
      size: 58156514
    - path: data/reference/zone_centroids.csv
      hash: md5
      md5: 79c1bb833dae873054bef4867a70914e
      size: 15670
    - path: reports/prepare.json
      hash: md5
      md5: 14ef4093ab9c1c6796d579fa78bcc525
      size: 717
    - path: src/tripduration/config.py
      hash: md5
      md5: 9a65af113de3016d1b6e188e49c8ae30
      size: 3396
    - path: src/tripduration/fallback.py
      hash: md5
      md5: 7987d5192672d3766ef3e12f9f27fc98
      size: 5766
    - path: src/tripduration/features.py
      hash: md5
      md5: 9ae2d0082ff3f53e4b445abd4dc5466e
      size: 4430
    - path: src/tripduration/train.py
      hash: md5
      md5: a607743f9899e601ad2c12bdef4520dc
      size: 10003
    params:
      params.yaml:
        fallback:
          hour_bucket_edges:
          - 0
          - 6
          - 10
          - 16
          - 20
          - 24
          min_count: 5
        mlflow:
          experiment: nyc-taxi-trip-duration
        model:
          loss: absolute_error
          max_iter: 300
          learning_rate: 0.1
          max_leaf_nodes: 63
          min_samples_leaf: 200
          l2_regularization: 1.0
          max_bins: 255
        n_threads: 4
        seed: 42
    outs:
    - path: models/fallback_table.parquet
      hash: md5
      md5: c60f8f40259a40cbc5d09355bf78a048
      size: 415472
    - path: models/model.pkl
      hash: md5
      md5: 5dfebc9345fd9fff99c1bba930f12a9e
      size: 2203363
    - path: models/model_meta.json
      hash: md5
      md5: 27df2959a48026feb98dfdaa0fd4be07
      size: 5804
  evaluate:
    cmd: uv run python -m tripduration.evaluate
    deps:
    - path: configs/holidays.csv
      hash: md5
      md5: 63cb7aadeda8ac77ddac8eafac4563f5
      size: 1226
    - path: data/processed/test.parquet
      hash: md5
      md5: 9c64164b93b783d49fd03ddb94eda5f7
      size: 66086740
    - path: data/processed/val.parquet
      hash: md5
      md5: 2030b99fb8cd8095e64fe85610eed275
      size: 58156514
    - path: data/reference/zone_centroids.csv
      hash: md5
      md5: 79c1bb833dae873054bef4867a70914e
      size: 15670
    - path: models/fallback_table.parquet
      hash: md5
      md5: c60f8f40259a40cbc5d09355bf78a048
      size: 415472
    - path: models/model.pkl
      hash: md5
      md5: 5dfebc9345fd9fff99c1bba930f12a9e
      size: 2203363
    - path: models/model_meta.json
      hash: md5
      md5: 27df2959a48026feb98dfdaa0fd4be07
      size: 5804
    - path: src/tripduration/evaluate.py
      hash: md5
      md5: 3454d0a060af18af043581dccd169cd6
      size: 8429
    - path: src/tripduration/fallback.py
      hash: md5
      md5: 7987d5192672d3766ef3e12f9f27fc98
      size: 5766
    - path: src/tripduration/features.py
      hash: md5
      md5: 9ae2d0082ff3f53e4b445abd4dc5466e
      size: 4430
    outs:
    - path: metrics/eval.json
      hash: md5
      md5: 7b1f2e8582cf1b4cb81f50fcf615af61
      size: 1694
    - path: reports/eval
      hash: md5
      md5: 70f27018a25711f10c99a649d7f7b6d0.dir
      size: 16058
      nfiles: 7
  quality:
    cmd: uv run python -m tripduration.quality
    deps:
    - path: configs/schema_raw.yaml
      hash: md5
      md5: 1b0de076b897dd5bd33f49d4d90d50af
      size: 2505
    - path: data/raw/yellow
      hash: md5
      md5: 5b284b5228eadfbe0bffd21b6e32bc46.dir
      size: 375995630
      nfiles: 13
    - path: data/validated
      hash: md5
      md5: 007d907ad78ad1b45ddfba70ffe5f305.dir
      size: 474653616
      nfiles: 6
    - path: src/tripduration/config.py
      hash: md5
      md5: 9a65af113de3016d1b6e188e49c8ae30
      size: 3396
    - path: src/tripduration/ingest.py
      hash: md5
      md5: 4567ec7675da8cc9ddfa0cafca36e8a4
      size: 18489
    - path: src/tripduration/quality.py
      hash: md5
      md5: 6a310662dde79b74607e1f805d09864d
      size: 10854
    - path: src/tripduration/validate.py
      hash: md5
      md5: 08a4e15f1b97f4565ac5b34a44a2e95f
      size: 9020
    params:
      params.yaml:
        data:
          service: yellow
          raw_dir: data/raw/yellow
          validated_dir: data/validated
          reference_dir: data/reference
          timezone: America/New_York
        quality:
          min_rows_raw: 1000000
          min_rows_valid: 500000
          max_reject_rate: 0.1
          max_null_rate:
            tpep_pickup_datetime: 0.0
            tpep_dropoff_datetime: 0.0
            pu_location_id: 0.0
            do_location_id: 0.0
            passenger_count: 0.25
          duration_p50_bounds:
          - 5.0
          - 30.0
          duration_p99_bounds:
          - 30.0
          - 180.0
          max_share_single_zone_pair: 0.05
        validity:
          zone_min: 1
          zone_max: 263
          min_duration_s: 60
          max_duration_min: 180
          dst_window_hours: 3
          dedupe_key:
          - vendor_id
          - tpep_pickup_datetime
          - tpep_dropoff_datetime
          - pu_location_id
          - do_location_id
    outs:
    - path: reports/quality
      hash: md5
      md5: 38e60a0ba31b4027fe8df47658306a5c.dir
      size: 26843
      nfiles: 7
