schema: '2.0'
stages:
  validate:
    cmd: uv run --locked python -m tripduration.validate
    deps:
    - path: .python-version
      hash: md5
      md5: 61939823fbcc7e8de3b61ab105331baf
      size: 5
    - path: configs/schema_raw.yaml
      hash: md5
      md5: 3d86638ff03f073a3f11acfcc5f06670
      size: 2760
    - path: configs/training_env.txt
      hash: md5
      md5: 32364a2cde1fb5bdccb5bc98e0bdddea
      size: 937
    - path: data/raw/yellow
      hash: md5
      md5: 551c77e0f92f01960c98d4a6a8c27629.dir
      size: 942802461
      nfiles: 29
    - path: src/tripduration/config.py
      hash: md5
      md5: 9a65af113de3016d1b6e188e49c8ae30
      size: 3396
    - path: src/tripduration/raw_schema.py
      hash: md5
      md5: 6f03db813df0f2839297ecf51b7f6459
      size: 4401
    - path: src/tripduration/validate.py
      hash: md5
      md5: dfde3282005e1637c089931e89573a5f
      size: 9024
    - path: uv.lock
      hash: md5
      md5: 172a80f2d233d5284a269833ee714738
      size: 788993
    params:
      params.yaml:
        data.raw_dir: data/raw/yellow
        data.timezone: America/New_York
        data.validated_dir: data/validated
        validity:
          zone_min: 1
          zone_max: 263
          min_duration_s: 60
          max_duration_min: 180
          dst_window_hours: 3
          dedupe_key:
          - vendor_id
          - tpep_pickup_datetime
          - tpep_dropoff_datetime
          - pu_location_id
          - do_location_id
    outs:
    - path: data/validated
      hash: md5
      md5: 3cb0075198910414ee5d168ad1387614.dir
      size: 1175886782
      nfiles: 14
    - path: reports/validation
      hash: md5
      md5: bf3dd36aaec3201eaa57c8e614d27101.dir
      size: 26309
      nfiles: 14
  prepare:
    cmd: uv run --locked python -m tripduration.prepare
    deps:
    - path: .python-version
      hash: md5
      md5: 61939823fbcc7e8de3b61ab105331baf
      size: 5
    - path: configs/holidays.csv
      hash: md5
      md5: 63cb7aadeda8ac77ddac8eafac4563f5
      size: 1226
    - path: configs/training_env.txt
      hash: md5
      md5: 32364a2cde1fb5bdccb5bc98e0bdddea
      size: 937
    - path: data/reference/zone_centroids.csv
      hash: md5
      md5: 79c1bb833dae873054bef4867a70914e
      size: 15670
    - path: data/validated
      hash: md5
      md5: 3cb0075198910414ee5d168ad1387614.dir
      size: 1175886782
      nfiles: 14
    - path: reports/quality
      hash: md5
      md5: 7e29eea776b85449c2142cef077cba64.dir
      size: 63195
      nfiles: 15
    - path: src/tripduration/config.py
      hash: md5
      md5: 9a65af113de3016d1b6e188e49c8ae30
      size: 3396
    - path: src/tripduration/features.py
      hash: md5
      md5: 9ae2d0082ff3f53e4b445abd4dc5466e
      size: 4430
    - path: src/tripduration/prepare.py
      hash: md5
      md5: 202ef32b000d5e8754ae95887865dd96
      size: 5916
    - path: src/tripduration/raw_schema.py
      hash: md5
      md5: 6f03db813df0f2839297ecf51b7f6459
      size: 4401
    - path: src/tripduration/schema.py
      hash: md5
      md5: 898fdab9606a82839e6a50258fd7cd1c
      size: 1218
    - path: src/tripduration/validate.py
      hash: md5
      md5: dfde3282005e1637c089931e89573a5f
      size: 9024
    - path: uv.lock
      hash: md5
      md5: 172a80f2d233d5284a269833ee714738
      size: 788993
    params:
      params.yaml:
        data.reference_dir: data/reference
        data.validated_dir: data/validated
        seed: 42
        split:
          start_month: 2024-10
          train_window_max: 6
          train_sample_frac: 1.0
    outs:
    - path: data/processed
      hash: md5
      md5: e9203ea059349162e351c0337e7b4569.dir
      size: 533820448
      nfiles: 3
    - path: reports/prepare.json
      hash: md5
      md5: 572d3ae0e35183f9eb8bef51e9c09ead
      size: 751
  train:
    cmd: uv run --locked python -m tripduration.train
    deps:
    - path: .python-version
      hash: md5
      md5: 61939823fbcc7e8de3b61ab105331baf
      size: 5
    - path: configs/holidays.csv
      hash: md5
      md5: 63cb7aadeda8ac77ddac8eafac4563f5
      size: 1226
    - path: configs/training_env.txt
      hash: md5
      md5: 32364a2cde1fb5bdccb5bc98e0bdddea
      size: 937
    - path: data/processed/train.parquet
      hash: md5
      md5: cc3f70f38aa6c4b00fda83d91f614432
      size: 395810619
    - path: data/processed/val.parquet
      hash: md5
      md5: d8d4b8ae18d79b9ed02110c8c658fa95
      size: 71136330
    - path: data/reference/zone_centroids.csv
      hash: md5
      md5: 79c1bb833dae873054bef4867a70914e
      size: 15670
    - path: reports/prepare.json
      hash: md5
      md5: 572d3ae0e35183f9eb8bef51e9c09ead
      size: 751
    - path: src/tripduration/config.py
      hash: md5
      md5: 9a65af113de3016d1b6e188e49c8ae30
      size: 3396
    - path: src/tripduration/fallback.py
      hash: md5
      md5: bcb489966a0f4209acce239b3b4e734f
      size: 6453
    - path: src/tripduration/features.py
      hash: md5
      md5: 9ae2d0082ff3f53e4b445abd4dc5466e
      size: 4430
    - path: src/tripduration/train.py
      hash: md5
      md5: cc30561300c98a2452f86d4ea8f3a959
      size: 11575
    - path: uv.lock
      hash: md5
      md5: 172a80f2d233d5284a269833ee714738
      size: 788993
    params:
      params.yaml:
        data.reference_dir: data/reference
        fallback:
          hour_bucket_edges:
          - 0
          - 6
          - 10
          - 16
          - 20
          - 24
          min_count: 5
        mlflow:
          experiment: nyc-taxi-trip-duration
        model:
          loss: absolute_error
          max_iter: 300
          learning_rate: 0.1
          max_leaf_nodes: 63
          min_samples_leaf: 200
          l2_regularization: 1.0
          max_bins: 255
        n_threads: 4
        seed: 42
    outs:
    - path: models/fallback_table.parquet
      hash: md5
      md5: d50d1495924eaad46de1dd4a527dbc70
      size: 699016
    - path: models/model.pkl
      hash: md5
      md5: 285ac61d27cb41113caa00055e02e22d
      size: 2205724
    - path: models/model_meta.json
      hash: md5
      md5: 2c04d2026a7fe88959d621a1c52e0f8f
      size: 2262
  evaluate:
    cmd: uv run --locked python -m tripduration.evaluate
    deps:
    - path: .python-version
      hash: md5
      md5: 61939823fbcc7e8de3b61ab105331baf
      size: 5
    - path: configs/holidays.csv
      hash: md5
      md5: 63cb7aadeda8ac77ddac8eafac4563f5
      size: 1226
    - path: configs/training_env.txt
      hash: md5
      md5: 32364a2cde1fb5bdccb5bc98e0bdddea
      size: 937
    - path: data/processed/test.parquet
      hash: md5
      md5: e75cade0497eeb8907720e7760901e8b
      size: 66873499
    - path: data/processed/val.parquet
      hash: md5
      md5: d8d4b8ae18d79b9ed02110c8c658fa95
      size: 71136330
    - path: data/reference/zone_centroids.csv
      hash: md5
      md5: 79c1bb833dae873054bef4867a70914e
      size: 15670
    - path: models/fallback_table.parquet
      hash: md5
      md5: d50d1495924eaad46de1dd4a527dbc70
      size: 699016
    - path: models/model.pkl
      hash: md5
      md5: 285ac61d27cb41113caa00055e02e22d
      size: 2205724
    - path: models/model_meta.json
      hash: md5
      md5: 2c04d2026a7fe88959d621a1c52e0f8f
      size: 2262
    - path: src/tripduration/config.py
      hash: md5
      md5: 9a65af113de3016d1b6e188e49c8ae30
      size: 3396
    - path: src/tripduration/evaluate.py
      hash: md5
      md5: fb56818365a384014a24bacf09a062b9
      size: 8837
    - path: src/tripduration/fallback.py
      hash: md5
      md5: bcb489966a0f4209acce239b3b4e734f
      size: 6453
    - path: src/tripduration/features.py
      hash: md5
      md5: 9ae2d0082ff3f53e4b445abd4dc5466e
      size: 4430
    - path: src/tripduration/slices.py
      hash: md5
      md5: a8ebf77cc2b47fc666b6b0ccf563b3ca
      size: 4635
    - path: src/tripduration/train.py
      hash: md5
      md5: cc30561300c98a2452f86d4ea8f3a959
      size: 11575
    - path: uv.lock
      hash: md5
      md5: 172a80f2d233d5284a269833ee714738
      size: 788993
    params:
      params.yaml:
        data.reference_dir: data/reference
    outs:
    - path: metrics/eval.json
      hash: md5
      md5: c95230cb52c29d57e75296cea298130d
      size: 1726
    - path: reports/eval
      hash: md5
      md5: 5b4d23cb9c5e16c6e640776609af331c.dir
      size: 42521
      nfiles: 9
  quality:
    cmd: uv run --locked python -m tripduration.quality
    deps:
    - path: .python-version
      hash: md5
      md5: 61939823fbcc7e8de3b61ab105331baf
      size: 5
    - path: configs/schema_raw.yaml
      hash: md5
      md5: 3d86638ff03f073a3f11acfcc5f06670
      size: 2760
    - path: configs/training_env.txt
      hash: md5
      md5: 32364a2cde1fb5bdccb5bc98e0bdddea
      size: 937
    - path: data/raw/yellow
      hash: md5
      md5: 551c77e0f92f01960c98d4a6a8c27629.dir
      size: 942802461
      nfiles: 29
    - path: data/validated
      hash: md5
      md5: 3cb0075198910414ee5d168ad1387614.dir
      size: 1175886782
      nfiles: 14
    - path: src/tripduration/config.py
      hash: md5
      md5: 9a65af113de3016d1b6e188e49c8ae30
      size: 3396
    - path: src/tripduration/quality.py
      hash: md5
      md5: ec305258b79aeb6dd16b9a6661f90012
      size: 10858
    - path: src/tripduration/raw_schema.py
      hash: md5
      md5: 6f03db813df0f2839297ecf51b7f6459
      size: 4401
    - path: src/tripduration/validate.py
      hash: md5
      md5: dfde3282005e1637c089931e89573a5f
      size: 9024
    - path: uv.lock
      hash: md5
      md5: 172a80f2d233d5284a269833ee714738
      size: 788993
    params:
      params.yaml:
        data.raw_dir: data/raw/yellow
        data.validated_dir: data/validated
        quality:
          min_rows_raw: 1000000
          min_rows_valid: 500000
          max_reject_rate: 0.1
          max_null_rate:
            tpep_pickup_datetime: 0.0
            tpep_dropoff_datetime: 0.0
            pu_location_id: 0.0
            do_location_id: 0.0
            passenger_count: 0.4
          duration_p50_bounds:
          - 5.0
          - 30.0
          duration_p99_bounds:
          - 30.0
          - 180.0
          max_share_single_zone_pair: 0.05
    outs:
    - path: reports/quality
      hash: md5
      md5: 7e29eea776b85449c2142cef077cba64.dir
      size: 63195
      nfiles: 15
